
Microsoft Visual Studio Solution File, Format Version 12.00
# Visual Studio Version 17
VisualStudioVersion = 17.13.35818.85 d17.13
MinimumVisualStudioVersion = 10.0.40219.1
Project("{FAE04EC0-301F-11D3-BF4B-00C04F79EFBC}") = "TaskTracking.API", "Tadbeer.API\TaskTracking.API.csproj", "{A2961D82-87B5-4092-9251-69CB4469A48B}"
EndProject
Project("{FAE04EC0-301F-11D3-BF4B-00C04F79EFBC}") = "TaskTracking.Domain", "Tadbeer.Domain\TaskTracking.Domain.csproj", "{7760A7AE-E3E7-421D-8C5B-C3BEB87E5146}"
EndProject
Project("{FAE04EC0-301F-11D3-BF4B-00C04F79EFBC}") = "TaskTracking.Presistance", "Tadbeer.Presistance\TaskTracking.Presistance.csproj", "{5987A265-D8A0-4B30-B70D-6206DF8B6C4E}"
EndProject
Project("{FAE04EC0-301F-11D3-BF4B-00C04F79EFBC}") = "TaskTracking.Services", "Tadbeer.Services\TaskTracking.Services.csproj", "{B9E14361-3B25-4051-AE63-C3F9016BE9D9}"
EndProject
Project("{FAE04EC0-301F-11D3-BF4B-00C04F79EFBC}") = "TaskTracking.Tests", "TaskTracking.Tests\TaskTracking.Tests.csproj", "{499141B6-11A9-4BAD-8A75-BCCCFC0CA892}"
EndProject
Global
	GlobalSection(SolutionConfigurationPlatforms) = preSolution
		Debug|Any CPU = Debug|Any CPU
		Release|Any CPU = Release|Any CPU
	EndGlobalSection
	GlobalSection(ProjectConfigurationPlatforms) = postSolution
		{A2961D82-87B5-4092-9251-69CB4469A48B}.Debug|Any CPU.ActiveCfg = Debug|Any CPU
		{A2961D82-87B5-4092-9251-69CB4469A48B}.Debug|Any CPU.Build.0 = Debug|Any CPU
		{A2961D82-87B5-4092-9251-69CB4469A48B}.Release|Any CPU.ActiveCfg = Release|Any CPU
		{A2961D82-87B5-4092-9251-69CB4469A48B}.Release|Any CPU.Build.0 = Release|Any CPU
		{7760A7AE-E3E7-421D-8C5B-C3BEB87E5146}.Debug|Any CPU.ActiveCfg = Debug|Any CPU
		{7760A7AE-E3E7-421D-8C5B-C3BEB87E5146}.Debug|Any CPU.Build.0 = Debug|Any CPU
		{7760A7AE-E3E7-421D-8C5B-C3BEB87E5146}.Release|Any CPU.ActiveCfg = Release|Any CPU
		{7760A7AE-E3E7-421D-8C5B-C3BEB87E5146}.Release|Any CPU.Build.0 = Release|Any CPU
		{5987A265-D8A0-4B30-B70D-6206DF8B6C4E}.Debug|Any CPU.ActiveCfg = Debug|Any CPU
		{5987A265-D8A0-4B30-B70D-6206DF8B6C4E}.Debug|Any CPU.Build.0 = Debug|Any CPU
		{5987A265-D8A0-4B30-B70D-6206DF8B6C4E}.Release|Any CPU.ActiveCfg = Release|Any CPU
		{5987A265-D8A0-4B30-B70D-6206DF8B6C4E}.Release|Any CPU.Build.0 = Release|Any CPU
		{B9E14361-3B25-4051-AE63-C3F9016BE9D9}.Debug|Any CPU.ActiveCfg = Debug|Any CPU
		{B9E14361-3B25-4051-AE63-C3F9016BE9D9}.Debug|Any CPU.Build.0 = Debug|Any CPU
		{B9E14361-3B25-4051-AE63-C3F9016BE9D9}.Release|Any CPU.ActiveCfg = Release|Any CPU
		{B9E14361-3B25-4051-AE63-C3F9016BE9D9}.Release|Any CPU.Build.0 = Release|Any CPU
		{499141B6-11A9-4BAD-8A75-BCCCFC0CA892}.Debug|Any CPU.ActiveCfg = Debug|Any CPU
		{499141B6-11A9-4BAD-8A75-BCCCFC0CA892}.Debug|Any CPU.Build.0 = Debug|Any CPU
		{499141B6-11A9-4BAD-8A75-BCCCFC0CA892}.Release|Any CPU.ActiveCfg = Release|Any CPU
		{499141B6-11A9-4BAD-8A75-BCCCFC0CA892}.Release|Any CPU.Build.0 = Release|Any CPU
	EndGlobalSection
	GlobalSection(SolutionProperties) = preSolution
		HideSolutionNode = FALSE
	EndGlobalSection
	GlobalSection(ExtensibilityGlobals) = postSolution
		SolutionGuid = {6D29E1A1-1C00-4EE2-80EA-EE6F3436FF22}
	EndGlobalSection
EndGlobal
